
Microsoft Visual Studio Solution File, Format Version 12.00
# Visual Studio 2013
VisualStudioVersion = 12.0.30501.0
MinimumVisualStudioVersion = 10.0.40219.1
Project("{FAE04EC0-301F-11D3-BF4B-00C04F79EFBC}") = "TwitterFeed", "TwitterFeed\TwitterFeed.csproj", "{DD23C9B5-0C73-4B96-91F6-F90CC219F716}"
EndProject
Project("{FAE04EC0-301F-11D3-BF4B-00C04F79EFBC}") = "TwitterFeed.Test", "TwitterFeed.Test\TwitterFeed.Test.csproj", "{A21F7286-BC9D-4E70-9349-BE1F1A0A14EA}"
EndProject
Project("{2150E333-8FDC-42A3-9474-1A3956D46DE8}") = ".nuget", ".nuget", "{C0FF879D-4385-40CB-809D-90E274884E4D}"
	ProjectSection(SolutionItems) = preProject
		.nuget\NuGet.Config = .nuget\NuGet.Config
		.nuget\NuGet.exe = .nuget\NuGet.exe
		.nuget\NuGet.targets = .nuget\NuGet.targets
	EndProjectSection
EndProject
Project("{2150E333-8FDC-42A3-9474-1A3956D46DE8}") = "readme", "readme", "{A8EA1AF9-85E7-4B0C-8461-E768ED70D8AA}"
	ProjectSection(SolutionItems) = preProject
		README.md = README.md
	EndProjectSection
EndProject
Global
	GlobalSection(SolutionConfigurationPlatforms) = preSolution
		Debug|Any CPU = Debug|Any CPU
		Release|Any CPU = Release|Any CPU
	EndGlobalSection
	GlobalSection(ProjectConfigurationPlatforms) = postSolution
		{DD23C9B5-0C73-4B96-91F6-F90CC219F716}.Debug|Any CPU.ActiveCfg = Debug|Any CPU
		{DD23C9B5-0C73-4B96-91F6-F90CC219F716}.Debug|Any CPU.Build.0 = Debug|Any CPU
		{DD23C9B5-0C73-4B96-91F6-F90CC219F716}.Release|Any CPU.ActiveCfg = Release|Any CPU
		{DD23C9B5-0C73-4B96-91F6-F90CC219F716}.Release|Any CPU.Build.0 = Release|Any CPU
		{A21F7286-BC9D-4E70-9349-BE1F1A0A14EA}.Debug|Any CPU.ActiveCfg = Debug|Any CPU
		{A21F7286-BC9D-4E70-9349-BE1F1A0A14EA}.Debug|Any CPU.Build.0 = Debug|Any CPU
		{A21F7286-BC9D-4E70-9349-BE1F1A0A14EA}.Release|Any CPU.ActiveCfg = Release|Any CPU
		{A21F7286-BC9D-4E70-9349-BE1F1A0A14EA}.Release|Any CPU.Build.0 = Release|Any CPU
	EndGlobalSection
	GlobalSection(SolutionProperties) = preSolution
		HideSolutionNode = FALSE
	EndGlobalSection
EndGlobal
